
Microsoft Visual Studio Solution File, Format Version 12.00
# Visual Studio Version 17
VisualStudioVersion = 17.8.34322.80
MinimumVisualStudioVersion = 10.0.40219.1
Project("{8BC9CEB8-8B4A-11D0-8D11-00A0C91BC942}") = "Data _ Library", "Data _ Library\Data _ Library.vcxproj", "{232A895D-64F8-4246-832E-B46EF8465959}"
EndProject
Global
	GlobalSection(SolutionConfigurationPlatforms) = preSolution
		Debug|x64 = Debug|x64
		Debug|x86 = Debug|x86
		Release|x64 = Release|x64
		Release|x86 = Release|x86
	EndGlobalSection
	GlobalSection(ProjectConfigurationPlatforms) = postSolution
		{232A895D-64F8-4246-832E-B46EF8465959}.Debug|x64.ActiveCfg = Debug|x64
		{232A895D-64F8-4246-832E-B46EF8465959}.Debug|x64.Build.0 = Debug|x64
		{232A895D-64F8-4246-832E-B46EF8465959}.Debug|x86.ActiveCfg = Debug|Win32
		{232A895D-64F8-4246-832E-B46EF8465959}.Debug|x86.Build.0 = Debug|Win32
		{232A895D-64F8-4246-832E-B46EF8465959}.Release|x64.ActiveCfg = Release|x64
		{232A895D-64F8-4246-832E-B46EF8465959}.Release|x64.Build.0 = Release|x64
		{232A895D-64F8-4246-832E-B46EF8465959}.Release|x86.ActiveCfg = Release|Win32
		{232A895D-64F8-4246-832E-B46EF8465959}.Release|x86.Build.0 = Release|Win32
	EndGlobalSection
	GlobalSection(SolutionProperties) = preSolution
		HideSolutionNode = FALSE
	EndGlobalSection
	GlobalSection(ExtensibilityGlobals) = postSolution
		SolutionGuid = {747F943A-B1EF-40EF-972C-69D37A3FFD5F}
	EndGlobalSection
EndGlobal
